// !$*UTF8*$!
{
	archiveVersion = 1;
	classes = {
	};
	objectVersion = 50;
	objects = {

/* Begin PBXBuildFile section */
		F2CE87AA25565CDD0066CDFA /* AppDelegate.swift in Sources */ = {isa = PBXBuildFile; fileRef = F2CE87A925565CDD0066CDFA /* AppDelegate.swift */; };
		F2CE87AC25565CDD0066CDFA /* SceneDelegate.swift in Sources */ = {isa = PBXBuildFile; fileRef = F2CE87AB25565CDD0066CDFA /* SceneDelegate.swift */; };
		F2CE87AE25565CDD0066CDFA /* ViewController.swift in Sources */ = {isa = PBXBuildFile; fileRef = F2CE87AD25565CDD0066CDFA /* ViewController.swift */; };
		F2CE87B125565CDD0066CDFA /* Main.storyboard in Resources */ = {isa = PBXBuildFile; fileRef = F2CE87AF25565CDD0066CDFA /* Main.storyboard */; };
		F2CE87B325565CDE0066CDFA /* Assets.xcassets in Resources */ = {isa = PBXBuildFile; fileRef = F2CE87B225565CDE0066CDFA /* Assets.xcassets */; };
		F2CE87B625565CDE0066CDFA /* LaunchScreen.storyboard in Resources */ = {isa = PBXBuildFile; fileRef = F2CE87B425565CDE0066CDFA /* LaunchScreen.storyboard */; };
		F2CE87D625566ACF0066CDFA /* 5.png in Resources */ = {isa = PBXBuildFile; fileRef = F2CE87D125566ACE0066CDFA /* 5.png */; };
		F2CE87D725566ACF0066CDFA /* 1.png in Resources */ = {isa = PBXBuildFile; fileRef = F2CE87D225566ACE0066CDFA /* 1.png */; };
		F2CE87D825566ACF0066CDFA /* 2.png in Resources */ = {isa = PBXBuildFile; fileRef = F2CE87D325566ACE0066CDFA /* 2.png */; };
		F2CE87D925566ACF0066CDFA /* 4.png in Resources */ = {isa = PBXBuildFile; fileRef = F2CE87D425566ACE0066CDFA /* 4.png */; };
		F2CE87DA25566ACF0066CDFA /* 3.png in Resources */ = {isa = PBXBuildFile; fileRef = F2CE87D525566ACF0066CDFA /* 3.png */; };
		F2CE87DC2556758B0066CDFA /* SubViewController.swift in Sources */ = {isa = PBXBuildFile; fileRef = F2CE87DB2556758B0066CDFA /* SubViewController.swift */; };
/* End PBXBuildFile section */

/* Begin PBXFileReference section */
		F2CE87A625565CDD0066CDFA /* SlideshowApp.app */ = {isa = PBXFileReference; explicitFileType = wrapper.application; includeInIndex = 0; path = SlideshowApp.app; sourceTree = BUILT_PRODUCTS_DIR; };
		F2CE87A925565CDD0066CDFA /* AppDelegate.swift */ = {isa = PBXFileReference; lastKnownFileType = sourcecode.swift; path = AppDelegate.swift; sourceTree = "<group>"; };
		F2CE87AB25565CDD0066CDFA /* SceneDelegate.swift */ = {isa = PBXFileReference; lastKnownFileType = sourcecode.swift; path = SceneDelegate.swift; sourceTree = "<group>"; };
		F2CE87AD25565CDD0066CDFA /* ViewController.swift */ = {isa = PBXFileReference; lastKnownFileType = sourcecode.swift; path = ViewController.swift; sourceTree = "<group>"; };
		F2CE87B025565CDD0066CDFA /* Base */ = {isa = PBXFileReference; lastKnownFileType = file.storyboard; name = Base; path = Base.lproj/Main.storyboard; sourceTree = "<group>"; };
		F2CE87B225565CDE0066CDFA /* Assets.xcassets */ = {isa = PBXFileReference; lastKnownFileType = folder.assetcatalog; path = Assets.xcassets; sourceTree = "<group>"; };
		F2CE87B525565CDE0066CDFA /* Base */ = {isa = PBXFileReference; lastKnownFileType = file.storyboard; name = Base; path = Base.lproj/LaunchScreen.storyboard; sourceTree = "<group>"; };
		F2CE87B725565CDE0066CDFA /* Info.plist */ = {isa = PBXFileReference; lastKnownFileType = text.plist.xml; path = Info.plist; sourceTree = "<group>"; };
		F2CE87D125566ACE0066CDFA /* 5.png */ = {isa = PBXFileReference; lastKnownFileType = image.png; path = 5.png; sourceTree = "<group>"; };
		F2CE87D225566ACE0066CDFA /* 1.png */ = {isa = PBXFileReference; lastKnownFileType = image.png; path = 1.png; sourceTree = "<group>"; };
		F2CE87D325566ACE0066CDFA /* 2.png */ = {isa = PBXFileReference; lastKnownFileType = image.png; path = 2.png; sourceTree = "<group>"; };
		F2CE87D425566ACE0066CDFA /* 4.png */ = {isa = PBXFileReference; lastKnownFileType = image.png; path = 4.png; sourceTree = "<group>"; };
		F2CE87D525566ACF0066CDFA /* 3.png */ = {isa = PBXFileReference; lastKnownFileType = image.png; path = 3.png; sourceTree = "<group>"; };
		F2CE87DB2556758B0066CDFA /* SubViewController.swift */ = {isa = PBXFileReference; lastKnownFileType = sourcecode.swift; path = SubViewController.swift; sourceTree = "<group>"; };
/* End PBXFileReference section */

/* Begin PBXFrameworksBuildPhase section */
		F2CE87A325565CDD0066CDFA /* Frameworks */ = {
			isa = PBXFrameworksBuildPhase;
			buildActionMask = 2147483647;
			files = (
			);
			runOnlyForDeploymentPostprocessing = 0;
		};
/* End PBXFrameworksBuildPhase section */

/* Begin PBXGroup section */
		F2CE879D25565CDD0066CDFA = {
			isa = PBXGroup;
			children = (
				F2CE87A825565CDD0066CDFA /* SlideshowApp */,
				F2CE87A725565CDD0066CDFA /* Products */,
			);
			sourceTree = "<group>";
		};
		F2CE87A725565CDD0066CDFA /* Products */ = {
			isa = PBXGroup;
			children = (
				F2CE87A625565CDD0066CDFA /* SlideshowApp.app */,
			);
			name = Products;
			sourceTree = "<group>";
		};
		F2CE87A825565CDD0066CDFA /* SlideshowApp */ = {
			isa = PBXGroup;
			children = (
				F2CE87A925565CDD0066CDFA /* AppDelegate.swift */,
				F2CE87AB25565CDD0066CDFA /* SceneDelegate.swift */,
				F2CE87AD25565CDD0066CDFA /* ViewController.swift */,
				F2CE87DB2556758B0066CDFA /* SubViewController.swift */,
				F2CE87AF25565CDD0066CDFA /* Main.storyboard */,
				F2CE87B225565CDE0066CDFA /* Assets.xcassets */,
				F2CE87B425565CDE0066CDFA /* LaunchScreen.storyboard */,
				F2CE87B725565CDE0066CDFA /* Info.plist */,
				F2CE87D225566ACE0066CDFA /* 1.png */,
				F2CE87D325566ACE0066CDFA /* 2.png */,
				F2CE87D525566ACF0066CDFA /* 3.png */,
				F2CE87D425566ACE0066CDFA /* 4.png */,
				F2CE87D125566ACE0066CDFA /* 5.png */,
			);
			path = SlideshowApp;
			sourceTree = "<group>";
		};
/* End PBXGroup section */

/* Begin PBXNativeTarget section */
		F2CE87A525565CDD0066CDFA /* SlideshowApp */ = {
			isa = PBXNativeTarget;
			buildConfigurationList = F2CE87BA25565CDE0066CDFA /* Build configuration list for PBXNativeTarget "SlideshowApp" */;
			buildPhases = (
				F2CE87A225565CDD0066CDFA /* Sources */,
				F2CE87A325565CDD0066CDFA /* Frameworks */,
				F2CE87A425565CDD0066CDFA /* Resources */,
			);
			buildRules = (
			);
			dependencies = (
			);
			name = SlideshowApp;
			productName = SlideshowApp;
			productReference = F2CE87A625565CDD0066CDFA /* SlideshowApp.app */;
			productType = "com.apple.product-type.application";
		};
/* End PBXNativeTarget section */

/* Begin PBXProject section */
		F2CE879E25565CDD0066CDFA /* Project object */ = {
			isa = PBXProject;
			attributes = {
				LastSwiftUpdateCheck = 1150;
				LastUpgradeCheck = 1150;
				ORGANIZATIONNAME = mika.yamashita;
				TargetAttributes = {
					F2CE87A525565CDD0066CDFA = {
						CreatedOnToolsVersion = 11.5;
					};
				};
			};
			buildConfigurationList = F2CE87A125565CDD0066CDFA /* Build configuration list for PBXProject "SlideshowApp" */;
			compatibilityVersion = "Xcode 9.3";
			developmentRegion = en;
			hasScannedForEncodings = 0;
			knownRegions = (
				en,
				Base,
			);
			mainGroup = F2CE879D25565CDD0066CDFA;
			productRefGroup = F2CE87A725565CDD0066CDFA /* Products */;
			projectDirPath = "";
			projectRoot = "";
			targets = (
				F2CE87A525565CDD0066CDFA /* SlideshowApp */,
			);
		};
/* End PBXProject section */

/* Begin PBXResourcesBuildPhase section */
		F2CE87A425565CDD0066CDFA /* Resources */ = {
			isa = PBXResourcesBuildPhase;
			buildActionMask = 2147483647;
			files = (
				F2CE87D825566ACF0066CDFA /* 2.png in Resources */,
				F2CE87D925566ACF0066CDFA /* 4.png in Resources */,
				F2CE87B625565CDE0066CDFA /* LaunchScreen.storyboard in Resources */,
				F2CE87DA25566ACF0066CDFA /* 3.png in Resources */,
				F2CE87D625566ACF0066CDFA /* 5.png in Resources */,
				F2CE87B325565CDE0066CDFA /* Assets.xcassets in Resources */,
				F2CE87B125565CDD0066CDFA /* Main.storyboard in Resources */,
				F2CE87D725566ACF0066CDFA /* 1.png in Resources */,
			);
			runOnlyForDeploymentPostprocessing = 0;
		};
/* End PBXResourcesBuildPhase section */

/* Begin PBXSourcesBuildPhase section */
		F2CE87A225565CDD0066CDFA /* Sources */ = {
			isa = PBXSourcesBuildPhase;
			buildActionMask = 2147483647;
			files = (
				F2CE87AE25565CDD0066CDFA /* ViewController.swift in Sources */,
				F2CE87AA25565CDD0066CDFA /* AppDelegate.swift in Sources */,
				F2CE87AC25565CDD0066CDFA /* SceneDelegate.swift in Sources */,
				F2CE87DC2556758B0066CDFA /* SubViewController.swift in Sources */,
			);
			runOnlyForDeploymentPostprocessing = 0;
		};
/* End PBXSourcesBuildPhase section */

/* Begin PBXVariantGroup section */
		F2CE87AF25565CDD0066CDFA /* Main.storyboard */ = {
			isa = PBXVariantGroup;
			children = (
				F2CE87B025565CDD0066CDFA /* Base */,
			);
			name = Main.storyboard;
			sourceTree = "<group>";
		};
		F2CE87B425565CDE0066CDFA /* LaunchScreen.storyboard */ = {
			isa = PBXVariantGroup;
			children = (
				F2CE87B525565CDE0066CDFA /* Base */,
			);
			name = LaunchScreen.storyboard;
			sourceTree = "<group>";
		};
/* End PBXVariantGroup section */

/* Begin XCBuildConfiguration section */
		F2CE87B825565CDE0066CDFA /* Debug */ = {
			isa = XCBuildConfiguration;
			buildSettings = {
				ALWAYS_SEARCH_USER_PATHS = NO;
				CLANG_ANALYZER_NONNULL = YES;
				CLANG_ANALYZER_NUMBER_OBJECT_CONVERSION = YES_AGGRESSIVE;
				CLANG_CXX_LANGUAGE_STANDARD = "gnu++14";
				CLANG_CXX_LIBRARY = "libc++";
				CLANG_ENABLE_MODULES = YES;
				CLANG_ENABLE_OBJC_ARC = YES;
				CLANG_ENABLE_OBJC_WEAK = YES;
				CLANG_WARN_BLOCK_CAPTURE_AUTORELEASING = YES;
				CLANG_WARN_BOOL_CONVERSION = YES;
				CLANG_WARN_COMMA = YES;
				CLANG_WARN_CONSTANT_CONVERSION = YES;
				CLANG_WARN_DEPRECATED_OBJC_IMPLEMENTATIONS = YES;
				CLANG_WARN_DIRECT_OBJC_ISA_USAGE = YES_ERROR;
				CLANG_WARN_DOCUMENTATION_COMMENTS = YES;
				CLANG_WARN_EMPTY_BODY = YES;
				CLANG_WARN_ENUM_CONVERSION = YES;
				CLANG_WARN_INFINITE_RECURSION = YES;
				CLANG_WARN_INT_CONVERSION = YES;
				CLANG_WARN_NON_LITERAL_NULL_CONVERSION = YES;
				CLANG_WARN_OBJC_IMPLICIT_RETAIN_SELF = YES;
				CLANG_WARN_OBJC_LITERAL_CONVERSION = YES;
				CLANG_WARN_OBJC_ROOT_CLASS = YES_ERROR;
				CLANG_WARN_RANGE_LOOP_ANALYSIS = YES;
				CLANG_WARN_STRICT_PROTOTYPES = YES;
				CLANG_WARN_SUSPICIOUS_MOVE = YES;
				CLANG_WARN_UNGUARDED_AVAILABILITY = YES_AGGRESSIVE;
				CLANG_WARN_UNREACHABLE_CODE = YES;
				CLANG_WARN__DUPLICATE_METHOD_MATCH = YES;
				COPY_PHASE_STRIP = NO;
				DEBUG_INFORMATION_FORMAT = dwarf;
				ENABLE_STRICT_OBJC_MSGSEND = YES;
				ENABLE_TESTABILITY = YES;
				GCC_C_LANGUAGE_STANDARD = gnu11;
				GCC_DYNAMIC_NO_PIC = NO;
				GCC_NO_COMMON_BLOCKS = YES;
				GCC_OPTIMIZATION_LEVEL = 0;
				GCC_PREPROCESSOR_DEFINITIONS = (
					"DEBUG=1",
					"$(inherited)",
				);
				GCC_WARN_64_TO_32_BIT_CONVERSION = YES;
				GCC_WARN_ABOUT_RETURN_TYPE = YES_ERROR;
				GCC_WARN_UNDECLARED_SELECTOR = YES;
				GCC_WARN_UNINITIALIZED_AUTOS = YES_AGGRESSIVE;
				GCC_WARN_UNUSED_FUNCTION = YES;
				GCC_WARN_UNUSED_VARIABLE = YES;
				IPHONEOS_DEPLOYMENT_TARGET = 13.5;
				MTL_ENABLE_DEBUG_INFO = INCLUDE_SOURCE;
				MTL_FAST_MATH = YES;
				ONLY_ACTIVE_ARCH = YES;
				SDKROOT = iphoneos;
				SWIFT_ACTIVE_COMPILATION_CONDITIONS = DEBUG;
				SWIFT_OPTIMIZATION_LEVEL = "-Onone";
			};
			name = Debug;
		};
		F2CE87B925565CDE0066CDFA /* Release */ = {
			isa = XCBuildConfiguration;
			buildSettings = {
				ALWAYS_SEARCH_USER_PATHS = NO;
				CLANG_ANALYZER_NONNULL = YES;
				CLANG_ANALYZER_NUMBER_OBJECT_CONVERSION = YES_AGGRESSIVE;
				CLANG_CXX_LANGUAGE_STANDARD = "gnu++14";
				CLANG_CXX_LIBRARY = "libc++";
				CLANG_ENABLE_MODULES = YES;
				CLANG_ENABLE_OBJC_ARC = YES;
				CLANG_ENABLE_OBJC_WEAK = YES;
				CLANG_WARN_BLOCK_CAPTURE_AUTORELEASING = YES;
				CLANG_WARN_BOOL_CONVERSION = YES;
				CLANG_WARN_COMMA = YES;
				CLANG_WARN_CONSTANT_CONVERSION = YES;
				CLANG_WARN_DEPRECATED_OBJC_IMPLEMENTATIONS = YES;
				CLANG_WARN_DIRECT_OBJC_ISA_USAGE = YES_ERROR;
				CLANG_WARN_DOCUMENTATION_COMMENTS = YES;
				CLANG_WARN_EMPTY_BODY = YES;
				CLANG_WARN_ENUM_CONVERSION = YES;
				CLANG_WARN_INFINITE_RECURSION = YES;
				CLANG_WARN_INT_CONVERSION = YES;
				CLANG_WARN_NON_LITERAL_NULL_CONVERSION = YES;
				CLANG_WARN_OBJC_IMPLICIT_RETAIN_SELF = YES;
				CLANG_WARN_OBJC_LITERAL_CONVERSION = YES;
				CLANG_WARN_OBJC_ROOT_CLASS = YES_ERROR;
				CLANG_WARN_RANGE_LOOP_ANALYSIS = YES;
				CLANG_WARN_STRICT_PROTOTYPES = YES;
				CLANG_WARN_SUSPICIOUS_MOVE = YES;
				CLANG_WARN_UNGUARDED_AVAILABILITY = YES_AGGRESSIVE;
				CLANG_WARN_UNREACHABLE_CODE = YES;
				CLANG_WARN__DUPLICATE_METHOD_MATCH = YES;
				COPY_PHASE_STRIP = NO;
				DEBUG_INFORMATION_FORMAT = "dwarf-with-dsym";
				ENABLE_NS_ASSERTIONS = NO;
				ENABLE_STRICT_OBJC_MSGSEND = YES;
				GCC_C_LANGUAGE_STANDARD = gnu11;
				GCC_NO_COMMON_BLOCKS = YES;
				GCC_WARN_64_TO_32_BIT_CONVERSION = YES;
				GCC_WARN_ABOUT_RETURN_TYPE = YES_ERROR;
				GCC_WARN_UNDECLARED_SELECTOR = YES;
				GCC_WARN_UNINITIALIZED_AUTOS = YES_AGGRESSIVE;
				GCC_WARN_UNUSED_FUNCTION = YES;
				GCC_WARN_UNUSED_VARIABLE = YES;
				IPHONEOS_DEPLOYMENT_TARGET = 13.5;
				MTL_ENABLE_DEBUG_INFO = NO;
				MTL_FAST_MATH = YES;
				SDKROOT = iphoneos;
				SWIFT_COMPILATION_MODE = wholemodule;
				SWIFT_OPTIMIZATION_LEVEL = "-O";
				VALIDATE_PRODUCT = YES;
			};
			name = Release;
		};
		F2CE87BB25565CDE0066CDFA /* Debug */ = {
			isa = XCBuildConfiguration;
			buildSettings = {
				ASSETCATALOG_COMPILER_APPICON_NAME = AppIcon;
				CODE_SIGN_STYLE = Automatic;
				DEVELOPMENT_TEAM = CVY2Y897F3;
				INFOPLIST_FILE = SlideshowApp/Info.plist;
				LD_RUNPATH_SEARCH_PATHS = (
					"$(inherited)",
					"@executable_path/Frameworks",
				);
				PRODUCT_BUNDLE_IDENTIFIER = jp.techacademy.mika.yamashita.SlideshowApp;
				PRODUCT_NAME = "$(TARGET_NAME)";
				SWIFT_VERSION = 5.0;
				TARGETED_DEVICE_FAMILY = "1,2";
			};
			name = Debug;
		};
		F2CE87BC25565CDE0066CDFA /* Release */ = {
			isa = XCBuildConfiguration;
			buildSettings = {
				ASSETCATALOG_COMPILER_APPICON_NAME = AppIcon;
				CODE_SIGN_STYLE = Automatic;
				DEVELOPMENT_TEAM = CVY2Y897F3;
				INFOPLIST_FILE = SlideshowApp/Info.plist;
				LD_RUNPATH_SEARCH_PATHS = (
					"$(inherited)",
					"@executable_path/Frameworks",
				);
				PRODUCT_BUNDLE_IDENTIFIER = jp.techacademy.mika.yamashita.SlideshowApp;
				PRODUCT_NAME = "$(TARGET_NAME)";
				SWIFT_VERSION = 5.0;
				TARGETED_DEVICE_FAMILY = "1,2";
			};
			name = Release;
		};
/* End XCBuildConfiguration section */

/* Begin XCConfigurationList section */
		F2CE87A125565CDD0066CDFA /* Build configuration list for PBXProject "SlideshowApp" */ = {
			isa = XCConfigurationList;
			buildConfigurations = (
				F2CE87B825565CDE0066CDFA /* Debug */,
				F2CE87B925565CDE0066CDFA /* Release */,
			);
			defaultConfigurationIsVisible = 0;
			defaultConfigurationName = Release;
		};
		F2CE87BA25565CDE0066CDFA /* Build configuration list for PBXNativeTarget "SlideshowApp" */ = {
			isa = XCConfigurationList;
			buildConfigurations = (
				F2CE87BB25565CDE0066CDFA /* Debug */,
				F2CE87BC25565CDE0066CDFA /* Release */,
			);
			defaultConfigurationIsVisible = 0;
			defaultConfigurationName = Release;
		};
/* End XCConfigurationList section */
	};
	rootObject = F2CE879E25565CDD0066CDFA /* Project object */;
}
